
Microsoft Visual Studio Solution File, Format Version 12.00
# Visual Studio Version 16
VisualStudioVersion = 16.0.31624.102
MinimumVisualStudioVersion = 10.0.40219.1
Project("{FAE04EC0-301F-11D3-BF4B-00C04F79EFBC}") = "Inheritance instapoefening", "Inheritance instapoefening\Inheritance instapoefening.csproj", "{48251EE4-DC29-43F7-8CF1-8CBC083D52D5}"
EndProject
Global
	GlobalSection(SolutionConfigurationPlatforms) = preSolution
		Debug|Any CPU = Debug|Any CPU
		Release|Any CPU = Release|Any CPU
	EndGlobalSection
	GlobalSection(ProjectConfigurationPlatforms) = postSolution
		{48251EE4-DC29-43F7-8CF1-8CBC083D52D5}.Debug|Any CPU.ActiveCfg = Debug|Any CPU
		{48251EE4-DC29-43F7-8CF1-8CBC083D52D5}.Debug|Any CPU.Build.0 = Debug|Any CPU
		{48251EE4-DC29-43F7-8CF1-8CBC083D52D5}.Release|Any CPU.ActiveCfg = Release|Any CPU
		{48251EE4-DC29-43F7-8CF1-8CBC083D52D5}.Release|Any CPU.Build.0 = Release|Any CPU
	EndGlobalSection
	GlobalSection(SolutionProperties) = preSolution
		HideSolutionNode = FALSE
	EndGlobalSection
	GlobalSection(ExtensibilityGlobals) = postSolution
		SolutionGuid = {335D2EB3-7CA4-4163-99A1-4F2B326B19AE}
	EndGlobalSection
EndGlobal
